
Microsoft Visual Studio Solution File, Format Version 12.00
# Visual Studio 15
VisualStudioVersion = 15.0.27130.2026
MinimumVisualStudioVersion = 10.0.40219.1
Project("{2150E333-8FDC-42A3-9474-1A3956D46DE8}") = "ArraysAndStrings", "ArraysAndStrings", "{3AAE8EF0-5EAD-4153-8088-8C83E00C7CBB}"
EndProject
Project("{FAE04EC0-301F-11D3-BF4B-00C04F79EFBC}") = "01IsUnique", "01IsUnique\01IsUnique.csproj", "{DCD6195A-B21C-4A6B-A6CE-7AA2AD2A070D}"
EndProject
Project("{FAE04EC0-301F-11D3-BF4B-00C04F79EFBC}") = "02CheckPermutation", "CheckPermutation\02CheckPermutation.csproj", "{CEF00EE2-CDE2-4A16-AF5C-43A43F4ECB72}"
EndProject
Project("{2150E333-8FDC-42A3-9474-1A3956D46DE8}") = "Stacks", "Stacks", "{93F572F1-D580-410B-ABF8-1C5EED2FFDBC}"
EndProject
Project("{FAE04EC0-301F-11D3-BF4B-00C04F79EFBC}") = "InfixToPostfix", "InfixToPostfix\InfixToPostfix.csproj", "{3A73C624-585C-4915-BC15-35A5B8A22441}"
EndProject
Project("{FAE04EC0-301F-11D3-BF4B-00C04F79EFBC}") = "MinimumInStackInConstantTime", "MinimumInStackInConstantTime\MinimumInStackInConstantTime.csproj", "{8502A8D0-50CF-44D5-A638-9DC750427838}"
EndProject
Project("{2150E333-8FDC-42A3-9474-1A3956D46DE8}") = "NativeDataStructures", "NativeDataStructures", "{436ADA13-A256-4697-B75F-D68B2B3045C8}"
EndProject
Project("{9A19103F-16F7-4668-BE54-9A1E7A4F7556}") = "NativeStacks", "NativeStacks\NativeStacks.csproj", "{A2976FDB-4623-40E7-B8B1-A15221CE2D30}"
EndProject
Project("{FAE04EC0-301F-11D3-BF4B-00C04F79EFBC}") = "Test", "Test\Test.csproj", "{7ED9108C-4145-44FB-B5B1-B576AF0A86A7}"
EndProject
Project("{2150E333-8FDC-42A3-9474-1A3956D46DE8}") = "Queues", "Queues", "{3B92D17F-EC40-44D9-826E-BA759BF5C542}"
EndProject
Project("{FAE04EC0-301F-11D3-BF4B-00C04F79EFBC}") = "ReverseQueue", "ReverseQueue\ReverseQueue.csproj", "{C14617C2-4B5C-42B9-825D-4BCA3AFC13BC}"
EndProject
Project("{FAE04EC0-301F-11D3-BF4B-00C04F79EFBC}") = "BinaryHeaps", "PriorityQueue\BinaryHeaps.csproj", "{75157078-8104-4A5E-84A3-E6E4BC621602}"
EndProject
Global
	GlobalSection(SolutionConfigurationPlatforms) = preSolution
		Debug|Any CPU = Debug|Any CPU
		Release|Any CPU = Release|Any CPU
	EndGlobalSection
	GlobalSection(ProjectConfigurationPlatforms) = postSolution
		{DCD6195A-B21C-4A6B-A6CE-7AA2AD2A070D}.Debug|Any CPU.ActiveCfg = Debug|Any CPU
		{DCD6195A-B21C-4A6B-A6CE-7AA2AD2A070D}.Debug|Any CPU.Build.0 = Debug|Any CPU
		{DCD6195A-B21C-4A6B-A6CE-7AA2AD2A070D}.Release|Any CPU.ActiveCfg = Release|Any CPU
		{DCD6195A-B21C-4A6B-A6CE-7AA2AD2A070D}.Release|Any CPU.Build.0 = Release|Any CPU
		{CEF00EE2-CDE2-4A16-AF5C-43A43F4ECB72}.Debug|Any CPU.ActiveCfg = Debug|Any CPU
		{CEF00EE2-CDE2-4A16-AF5C-43A43F4ECB72}.Debug|Any CPU.Build.0 = Debug|Any CPU
		{CEF00EE2-CDE2-4A16-AF5C-43A43F4ECB72}.Release|Any CPU.ActiveCfg = Release|Any CPU
		{CEF00EE2-CDE2-4A16-AF5C-43A43F4ECB72}.Release|Any CPU.Build.0 = Release|Any CPU
		{3A73C624-585C-4915-BC15-35A5B8A22441}.Debug|Any CPU.ActiveCfg = Debug|Any CPU
		{3A73C624-585C-4915-BC15-35A5B8A22441}.Debug|Any CPU.Build.0 = Debug|Any CPU
		{3A73C624-585C-4915-BC15-35A5B8A22441}.Release|Any CPU.ActiveCfg = Release|Any CPU
		{3A73C624-585C-4915-BC15-35A5B8A22441}.Release|Any CPU.Build.0 = Release|Any CPU
		{8502A8D0-50CF-44D5-A638-9DC750427838}.Debug|Any CPU.ActiveCfg = Debug|Any CPU
		{8502A8D0-50CF-44D5-A638-9DC750427838}.Debug|Any CPU.Build.0 = Debug|Any CPU
		{8502A8D0-50CF-44D5-A638-9DC750427838}.Release|Any CPU.ActiveCfg = Release|Any CPU
		{8502A8D0-50CF-44D5-A638-9DC750427838}.Release|Any CPU.Build.0 = Release|Any CPU
		{A2976FDB-4623-40E7-B8B1-A15221CE2D30}.Debug|Any CPU.ActiveCfg = Debug|Any CPU
		{A2976FDB-4623-40E7-B8B1-A15221CE2D30}.Debug|Any CPU.Build.0 = Debug|Any CPU
		{A2976FDB-4623-40E7-B8B1-A15221CE2D30}.Release|Any CPU.ActiveCfg = Release|Any CPU
		{A2976FDB-4623-40E7-B8B1-A15221CE2D30}.Release|Any CPU.Build.0 = Release|Any CPU
		{7ED9108C-4145-44FB-B5B1-B576AF0A86A7}.Debug|Any CPU.ActiveCfg = Debug|Any CPU
		{7ED9108C-4145-44FB-B5B1-B576AF0A86A7}.Debug|Any CPU.Build.0 = Debug|Any CPU
		{7ED9108C-4145-44FB-B5B1-B576AF0A86A7}.Release|Any CPU.ActiveCfg = Release|Any CPU
		{7ED9108C-4145-44FB-B5B1-B576AF0A86A7}.Release|Any CPU.Build.0 = Release|Any CPU
		{C14617C2-4B5C-42B9-825D-4BCA3AFC13BC}.Debug|Any CPU.ActiveCfg = Debug|Any CPU
		{C14617C2-4B5C-42B9-825D-4BCA3AFC13BC}.Debug|Any CPU.Build.0 = Debug|Any CPU
		{C14617C2-4B5C-42B9-825D-4BCA3AFC13BC}.Release|Any CPU.ActiveCfg = Release|Any CPU
		{C14617C2-4B5C-42B9-825D-4BCA3AFC13BC}.Release|Any CPU.Build.0 = Release|Any CPU
		{75157078-8104-4A5E-84A3-E6E4BC621602}.Debug|Any CPU.ActiveCfg = Debug|Any CPU
		{75157078-8104-4A5E-84A3-E6E4BC621602}.Debug|Any CPU.Build.0 = Debug|Any CPU
		{75157078-8104-4A5E-84A3-E6E4BC621602}.Release|Any CPU.ActiveCfg = Release|Any CPU
		{75157078-8104-4A5E-84A3-E6E4BC621602}.Release|Any CPU.Build.0 = Release|Any CPU
	EndGlobalSection
	GlobalSection(SolutionProperties) = preSolution
		HideSolutionNode = FALSE
	EndGlobalSection
	GlobalSection(NestedProjects) = preSolution
		{DCD6195A-B21C-4A6B-A6CE-7AA2AD2A070D} = {3AAE8EF0-5EAD-4153-8088-8C83E00C7CBB}
		{CEF00EE2-CDE2-4A16-AF5C-43A43F4ECB72} = {3AAE8EF0-5EAD-4153-8088-8C83E00C7CBB}
		{3A73C624-585C-4915-BC15-35A5B8A22441} = {93F572F1-D580-410B-ABF8-1C5EED2FFDBC}
		{8502A8D0-50CF-44D5-A638-9DC750427838} = {93F572F1-D580-410B-ABF8-1C5EED2FFDBC}
		{A2976FDB-4623-40E7-B8B1-A15221CE2D30} = {436ADA13-A256-4697-B75F-D68B2B3045C8}
		{7ED9108C-4145-44FB-B5B1-B576AF0A86A7} = {436ADA13-A256-4697-B75F-D68B2B3045C8}
		{C14617C2-4B5C-42B9-825D-4BCA3AFC13BC} = {3B92D17F-EC40-44D9-826E-BA759BF5C542}
	EndGlobalSection
	GlobalSection(ExtensibilityGlobals) = postSolution
		SolutionGuid = {249BB44D-299B-4453-8D31-488ED9A52663}
	EndGlobalSection
EndGlobal
